
Microsoft Visual Studio Solution File, Format Version 12.00
# Visual Studio Version 17
VisualStudioVersion = 17.2.32630.192
MinimumVisualStudioVersion = 10.0.40219.1
Project("{FAE04EC0-301F-11D3-BF4B-00C04F79EFBC}") = "CountDownTimer", "CountDownTimer\CountDownTimer.csproj", "{8058F7D9-C72C-4FDC-9224-E0D6A225B436}"
EndProject
Global
	GlobalSection(SolutionConfigurationPlatforms) = preSolution
		Debug|Any CPU = Debug|Any CPU
		Release|Any CPU = Release|Any CPU
	EndGlobalSection
	GlobalSection(ProjectConfigurationPlatforms) = postSolution
		{8058F7D9-C72C-4FDC-9224-E0D6A225B436}.Debug|Any CPU.ActiveCfg = Debug|Any CPU
		{8058F7D9-C72C-4FDC-9224-E0D6A225B436}.Debug|Any CPU.Build.0 = Debug|Any CPU
		{8058F7D9-C72C-4FDC-9224-E0D6A225B436}.Release|Any CPU.ActiveCfg = Release|Any CPU
		{8058F7D9-C72C-4FDC-9224-E0D6A225B436}.Release|Any CPU.Build.0 = Release|Any CPU
	EndGlobalSection
	GlobalSection(SolutionProperties) = preSolution
		HideSolutionNode = FALSE
	EndGlobalSection
	GlobalSection(ExtensibilityGlobals) = postSolution
		SolutionGuid = {F5C95870-7F0A-43A2-AC8B-47FB3A2A9CA8}
	EndGlobalSection
EndGlobal
